
Microsoft Visual Studio Solution File, Format Version 12.00
# Visual Studio Version 16
VisualStudioVersion = 25.0.1700.5
MinimumVisualStudioVersion = 10.0.40219.1
Project("{FAE04EC0-301F-11D3-BF4B-00C04F79EFBC}") = "SteamAuth", "SteamAuth\SteamAuth.csproj", "{2367D676-1388-4542-9F34-10F7DD474083}"
EndProject
Global
	GlobalSection(SolutionConfigurationPlatforms) = preSolution
		Debug|Any CPU = Debug|Any CPU
		Release|Any CPU = Release|Any CPU
	EndGlobalSection
	GlobalSection(ProjectConfigurationPlatforms) = postSolution
		{2367D676-1388-4542-9F34-10F7DD474083}.Debug|Any CPU.ActiveCfg = Debug|Any CPU
		{2367D676-1388-4542-9F34-10F7DD474083}.Debug|Any CPU.Build.0 = Debug|Any CPU
		{2367D676-1388-4542-9F34-10F7DD474083}.Release|Any CPU.ActiveCfg = Release|Any CPU
		{2367D676-1388-4542-9F34-10F7DD474083}.Release|Any CPU.Build.0 = Release|Any CPU
	EndGlobalSection
	GlobalSection(SolutionProperties) = preSolution
		HideSolutionNode = FALSE
	EndGlobalSection
	GlobalSection(ExtensibilityGlobals) = postSolution
		SolutionGuid = {8772ED3B-5D31-410D-80D8-9CB621B3B75A}
	EndGlobalSection
EndGlobal
